
Microsoft Visual Studio Solution File, Format Version 12.00
# Visual Studio Version 17
VisualStudioVersion = 17.11.35219.272
MinimumVisualStudioVersion = 10.0.40219.1
Project("{FAE04EC0-301F-11D3-BF4B-00C04F79EFBC}") = "mvc7", "mvc7\mvc7.csproj", "{8744C67B-5E6C-4B73-A102-5A9A2C058633}"
EndProject
Global
	GlobalSection(SolutionConfigurationPlatforms) = preSolution
		Debug|Any CPU = Debug|Any CPU
		Release|Any CPU = Release|Any CPU
	EndGlobalSection
	GlobalSection(ProjectConfigurationPlatforms) = postSolution
		{8744C67B-5E6C-4B73-A102-5A9A2C058633}.Debug|Any CPU.ActiveCfg = Debug|Any CPU
		{8744C67B-5E6C-4B73-A102-5A9A2C058633}.Debug|Any CPU.Build.0 = Debug|Any CPU
		{8744C67B-5E6C-4B73-A102-5A9A2C058633}.Release|Any CPU.ActiveCfg = Release|Any CPU
		{8744C67B-5E6C-4B73-A102-5A9A2C058633}.Release|Any CPU.Build.0 = Release|Any CPU
	EndGlobalSection
	GlobalSection(SolutionProperties) = preSolution
		HideSolutionNode = FALSE
	EndGlobalSection
	GlobalSection(ExtensibilityGlobals) = postSolution
		SolutionGuid = {A99C2D4F-202B-4BCF-B0A9-90E078964D11}
	EndGlobalSection
EndGlobal
