
Microsoft Visual Studio Solution File, Format Version 12.00
# Visual Studio Version 17
VisualStudioVersion = 17.10.35027.167
MinimumVisualStudioVersion = 10.0.40219.1
Project("{FAE04EC0-301F-11D3-BF4B-00C04F79EFBC}") = "Myfirst", "Myfirst\Myfirst.csproj", "{2A81B548-8136-4164-952C-ADCD0A89D83B}"
EndProject
Global
	GlobalSection(SolutionConfigurationPlatforms) = preSolution
		Debug|Any CPU = Debug|Any CPU
		Release|Any CPU = Release|Any CPU
	EndGlobalSection
	GlobalSection(ProjectConfigurationPlatforms) = postSolution
		{2A81B548-8136-4164-952C-ADCD0A89D83B}.Debug|Any CPU.ActiveCfg = Debug|Any CPU
		{2A81B548-8136-4164-952C-ADCD0A89D83B}.Debug|Any CPU.Build.0 = Debug|Any CPU
		{2A81B548-8136-4164-952C-ADCD0A89D83B}.Release|Any CPU.ActiveCfg = Release|Any CPU
		{2A81B548-8136-4164-952C-ADCD0A89D83B}.Release|Any CPU.Build.0 = Release|Any CPU
	EndGlobalSection
	GlobalSection(SolutionProperties) = preSolution
		HideSolutionNode = FALSE
	EndGlobalSection
	GlobalSection(ExtensibilityGlobals) = postSolution
		SolutionGuid = {FCA920CD-257D-443E-8865-8BF50C83DBDC}
	EndGlobalSection
EndGlobal
