
Microsoft Visual Studio Solution File, Format Version 12.00
# Visual Studio Version 17
VisualStudioVersion = 17.11.35219.272
MinimumVisualStudioVersion = 10.0.40219.1
Project("{FAE04EC0-301F-11D3-BF4B-00C04F79EFBC}") = "WebApplication13", "WebApplication13\WebApplication13.csproj", "{CD111C3B-0DDD-4EF4-B16F-2449CDFB473E}"
EndProject
Global
	GlobalSection(SolutionConfigurationPlatforms) = preSolution
		Debug|Any CPU = Debug|Any CPU
		Release|Any CPU = Release|Any CPU
	EndGlobalSection
	GlobalSection(ProjectConfigurationPlatforms) = postSolution
		{CD111C3B-0DDD-4EF4-B16F-2449CDFB473E}.Debug|Any CPU.ActiveCfg = Debug|Any CPU
		{CD111C3B-0DDD-4EF4-B16F-2449CDFB473E}.Debug|Any CPU.Build.0 = Debug|Any CPU
		{CD111C3B-0DDD-4EF4-B16F-2449CDFB473E}.Release|Any CPU.ActiveCfg = Release|Any CPU
		{CD111C3B-0DDD-4EF4-B16F-2449CDFB473E}.Release|Any CPU.Build.0 = Release|Any CPU
	EndGlobalSection
	GlobalSection(SolutionProperties) = preSolution
		HideSolutionNode = FALSE
	EndGlobalSection
	GlobalSection(ExtensibilityGlobals) = postSolution
		SolutionGuid = {913C2C12-C502-49E0-B52D-BA4303BD0D7D}
	EndGlobalSection
EndGlobal
