
Microsoft Visual Studio Solution File, Format Version 12.00
# Visual Studio Version 17
VisualStudioVersion = 17.11.35219.272
MinimumVisualStudioVersion = 10.0.40219.1
Project("{FAE04EC0-301F-11D3-BF4B-00C04F79EFBC}") = "Router", "Router\Router.csproj", "{27D281E2-5303-4425-B221-10782E29677D}"
EndProject
Global
	GlobalSection(SolutionConfigurationPlatforms) = preSolution
		Debug|Any CPU = Debug|Any CPU
		Release|Any CPU = Release|Any CPU
	EndGlobalSection
	GlobalSection(ProjectConfigurationPlatforms) = postSolution
		{27D281E2-5303-4425-B221-10782E29677D}.Debug|Any CPU.ActiveCfg = Debug|Any CPU
		{27D281E2-5303-4425-B221-10782E29677D}.Debug|Any CPU.Build.0 = Debug|Any CPU
		{27D281E2-5303-4425-B221-10782E29677D}.Release|Any CPU.ActiveCfg = Release|Any CPU
		{27D281E2-5303-4425-B221-10782E29677D}.Release|Any CPU.Build.0 = Release|Any CPU
	EndGlobalSection
	GlobalSection(SolutionProperties) = preSolution
		HideSolutionNode = FALSE
	EndGlobalSection
	GlobalSection(ExtensibilityGlobals) = postSolution
		SolutionGuid = {539E23BF-1432-4A36-9D6B-61C399C9ED90}
	EndGlobalSection
EndGlobal
