
Microsoft Visual Studio Solution File, Format Version 12.00
# Visual Studio Version 17
VisualStudioVersion = 17.10.35027.167
MinimumVisualStudioVersion = 10.0.40219.1
Project("{FAE04EC0-301F-11D3-BF4B-00C04F79EFBC}") = "Array", "Array\Array.csproj", "{867CFA9E-1A6F-47E4-A81D-6D140F142D2C}"
EndProject
Global
	GlobalSection(SolutionConfigurationPlatforms) = preSolution
		Debug|Any CPU = Debug|Any CPU
		Release|Any CPU = Release|Any CPU
	EndGlobalSection
	GlobalSection(ProjectConfigurationPlatforms) = postSolution
		{867CFA9E-1A6F-47E4-A81D-6D140F142D2C}.Debug|Any CPU.ActiveCfg = Debug|Any CPU
		{867CFA9E-1A6F-47E4-A81D-6D140F142D2C}.Debug|Any CPU.Build.0 = Debug|Any CPU
		{867CFA9E-1A6F-47E4-A81D-6D140F142D2C}.Release|Any CPU.ActiveCfg = Release|Any CPU
		{867CFA9E-1A6F-47E4-A81D-6D140F142D2C}.Release|Any CPU.Build.0 = Release|Any CPU
	EndGlobalSection
	GlobalSection(SolutionProperties) = preSolution
		HideSolutionNode = FALSE
	EndGlobalSection
	GlobalSection(ExtensibilityGlobals) = postSolution
		SolutionGuid = {768E0764-52E9-4705-BC5F-7E4CAC1FAEB0}
	EndGlobalSection
EndGlobal
