
Microsoft Visual Studio Solution File, Format Version 12.00
# Visual Studio Version 17
VisualStudioVersion = 17.11.35219.272
MinimumVisualStudioVersion = 10.0.40219.1
Project("{FAE04EC0-301F-11D3-BF4B-00C04F79EFBC}") = "mvc99", "mvc99\mvc99.csproj", "{77B2DE0B-6542-4048-86CC-3DAD0A4A521A}"
EndProject
Global
	GlobalSection(SolutionConfigurationPlatforms) = preSolution
		Debug|Any CPU = Debug|Any CPU
		Release|Any CPU = Release|Any CPU
	EndGlobalSection
	GlobalSection(ProjectConfigurationPlatforms) = postSolution
		{77B2DE0B-6542-4048-86CC-3DAD0A4A521A}.Debug|Any CPU.ActiveCfg = Debug|Any CPU
		{77B2DE0B-6542-4048-86CC-3DAD0A4A521A}.Debug|Any CPU.Build.0 = Debug|Any CPU
		{77B2DE0B-6542-4048-86CC-3DAD0A4A521A}.Release|Any CPU.ActiveCfg = Release|Any CPU
		{77B2DE0B-6542-4048-86CC-3DAD0A4A521A}.Release|Any CPU.Build.0 = Release|Any CPU
	EndGlobalSection
	GlobalSection(SolutionProperties) = preSolution
		HideSolutionNode = FALSE
	EndGlobalSection
	GlobalSection(ExtensibilityGlobals) = postSolution
		SolutionGuid = {42E109A0-707D-482B-896F-9A883B6736E6}
	EndGlobalSection
EndGlobal
