
Microsoft Visual Studio Solution File, Format Version 12.00
# Visual Studio Version 17
VisualStudioVersion = 17.11.35219.272
MinimumVisualStudioVersion = 10.0.40219.1
Project("{FAE04EC0-301F-11D3-BF4B-00C04F79EFBC}") = "WebApplication7", "WebApplication7\WebApplication7.csproj", "{8D6DE8EA-B49D-451F-8B0B-5834AE7A1F8D}"
EndProject
Global
	GlobalSection(SolutionConfigurationPlatforms) = preSolution
		Debug|Any CPU = Debug|Any CPU
		Release|Any CPU = Release|Any CPU
	EndGlobalSection
	GlobalSection(ProjectConfigurationPlatforms) = postSolution
		{8D6DE8EA-B49D-451F-8B0B-5834AE7A1F8D}.Debug|Any CPU.ActiveCfg = Debug|Any CPU
		{8D6DE8EA-B49D-451F-8B0B-5834AE7A1F8D}.Debug|Any CPU.Build.0 = Debug|Any CPU
		{8D6DE8EA-B49D-451F-8B0B-5834AE7A1F8D}.Release|Any CPU.ActiveCfg = Release|Any CPU
		{8D6DE8EA-B49D-451F-8B0B-5834AE7A1F8D}.Release|Any CPU.Build.0 = Release|Any CPU
	EndGlobalSection
	GlobalSection(SolutionProperties) = preSolution
		HideSolutionNode = FALSE
	EndGlobalSection
	GlobalSection(ExtensibilityGlobals) = postSolution
		SolutionGuid = {CEFDB88C-4ED8-4044-9A94-4E6B665AD73E}
	EndGlobalSection
EndGlobal
