
Microsoft Visual Studio Solution File, Format Version 12.00
# Visual Studio Version 17
VisualStudioVersion = 17.11.35219.272
MinimumVisualStudioVersion = 10.0.40219.1
Project("{FAE04EC0-301F-11D3-BF4B-00C04F79EFBC}") = "sundaram2_mvc", "sundaram2_mvc\sundaram2_mvc.csproj", "{EC3A1CA7-F761-4165-8507-F194B217A75E}"
EndProject
Global
	GlobalSection(SolutionConfigurationPlatforms) = preSolution
		Debug|Any CPU = Debug|Any CPU
		Release|Any CPU = Release|Any CPU
	EndGlobalSection
	GlobalSection(ProjectConfigurationPlatforms) = postSolution
		{EC3A1CA7-F761-4165-8507-F194B217A75E}.Debug|Any CPU.ActiveCfg = Debug|Any CPU
		{EC3A1CA7-F761-4165-8507-F194B217A75E}.Debug|Any CPU.Build.0 = Debug|Any CPU
		{EC3A1CA7-F761-4165-8507-F194B217A75E}.Release|Any CPU.ActiveCfg = Release|Any CPU
		{EC3A1CA7-F761-4165-8507-F194B217A75E}.Release|Any CPU.Build.0 = Release|Any CPU
	EndGlobalSection
	GlobalSection(SolutionProperties) = preSolution
		HideSolutionNode = FALSE
	EndGlobalSection
	GlobalSection(ExtensibilityGlobals) = postSolution
		SolutionGuid = {A5E1D2D0-B479-4901-AFC2-72490479596E}
	EndGlobalSection
EndGlobal
