
Microsoft Visual Studio Solution File, Format Version 12.00
# Visual Studio Version 17
VisualStudioVersion = 17.11.35219.272
MinimumVisualStudioVersion = 10.0.40219.1
Project("{FAE04EC0-301F-11D3-BF4B-00C04F79EFBC}") = "mvcc2", "mvcc2\mvcc2.csproj", "{1644DBD6-F4C5-4CB7-82A7-4D60D99C26B6}"
EndProject
Global
	GlobalSection(SolutionConfigurationPlatforms) = preSolution
		Debug|Any CPU = Debug|Any CPU
		Release|Any CPU = Release|Any CPU
	EndGlobalSection
	GlobalSection(ProjectConfigurationPlatforms) = postSolution
		{1644DBD6-F4C5-4CB7-82A7-4D60D99C26B6}.Debug|Any CPU.ActiveCfg = Debug|Any CPU
		{1644DBD6-F4C5-4CB7-82A7-4D60D99C26B6}.Debug|Any CPU.Build.0 = Debug|Any CPU
		{1644DBD6-F4C5-4CB7-82A7-4D60D99C26B6}.Release|Any CPU.ActiveCfg = Release|Any CPU
		{1644DBD6-F4C5-4CB7-82A7-4D60D99C26B6}.Release|Any CPU.Build.0 = Release|Any CPU
	EndGlobalSection
	GlobalSection(SolutionProperties) = preSolution
		HideSolutionNode = FALSE
	EndGlobalSection
	GlobalSection(ExtensibilityGlobals) = postSolution
		SolutionGuid = {10ADDD21-A918-4B1F-99CB-B4FCEA28E8A3}
	EndGlobalSection
EndGlobal
