
Microsoft Visual Studio Solution File, Format Version 12.00
# Visual Studio Version 17
VisualStudioVersion = 17.10.35027.167
MinimumVisualStudioVersion = 10.0.40219.1
Project("{FAE04EC0-301F-11D3-BF4B-00C04F79EFBC}") = "ConsoleApp11", "ConsoleApp11\ConsoleApp11.csproj", "{D2E84BAC-4CE9-43D6-8FCD-DFB1ED586228}"
EndProject
Global
	GlobalSection(SolutionConfigurationPlatforms) = preSolution
		Debug|Any CPU = Debug|Any CPU
		Release|Any CPU = Release|Any CPU
	EndGlobalSection
	GlobalSection(ProjectConfigurationPlatforms) = postSolution
		{D2E84BAC-4CE9-43D6-8FCD-DFB1ED586228}.Debug|Any CPU.ActiveCfg = Debug|Any CPU
		{D2E84BAC-4CE9-43D6-8FCD-DFB1ED586228}.Debug|Any CPU.Build.0 = Debug|Any CPU
		{D2E84BAC-4CE9-43D6-8FCD-DFB1ED586228}.Release|Any CPU.ActiveCfg = Release|Any CPU
		{D2E84BAC-4CE9-43D6-8FCD-DFB1ED586228}.Release|Any CPU.Build.0 = Release|Any CPU
	EndGlobalSection
	GlobalSection(SolutionProperties) = preSolution
		HideSolutionNode = FALSE
	EndGlobalSection
	GlobalSection(ExtensibilityGlobals) = postSolution
		SolutionGuid = {4080B91E-3308-49B2-85B3-A435E1B67D87}
	EndGlobalSection
EndGlobal
