
Microsoft Visual Studio Solution File, Format Version 12.00
# Visual Studio Version 17
VisualStudioVersion = 17.10.35027.167
MinimumVisualStudioVersion = 10.0.40219.1
Project("{FAE04EC0-301F-11D3-BF4B-00C04F79EFBC}") = "ConsoleApp8", "ConsoleApp8\ConsoleApp8.csproj", "{47A064D4-C3EF-4565-8539-C8270D6E7326}"
EndProject
Global
	GlobalSection(SolutionConfigurationPlatforms) = preSolution
		Debug|Any CPU = Debug|Any CPU
		Release|Any CPU = Release|Any CPU
	EndGlobalSection
	GlobalSection(ProjectConfigurationPlatforms) = postSolution
		{47A064D4-C3EF-4565-8539-C8270D6E7326}.Debug|Any CPU.ActiveCfg = Debug|Any CPU
		{47A064D4-C3EF-4565-8539-C8270D6E7326}.Debug|Any CPU.Build.0 = Debug|Any CPU
		{47A064D4-C3EF-4565-8539-C8270D6E7326}.Release|Any CPU.ActiveCfg = Release|Any CPU
		{47A064D4-C3EF-4565-8539-C8270D6E7326}.Release|Any CPU.Build.0 = Release|Any CPU
	EndGlobalSection
	GlobalSection(SolutionProperties) = preSolution
		HideSolutionNode = FALSE
	EndGlobalSection
	GlobalSection(ExtensibilityGlobals) = postSolution
		SolutionGuid = {CE4EE1C9-61BE-41DE-848D-F79D4B98910B}
	EndGlobalSection
EndGlobal
