
Microsoft Visual Studio Solution File, Format Version 12.00
# Visual Studio Version 17
VisualStudioVersion = 17.11.35219.272
MinimumVisualStudioVersion = 10.0.40219.1
Project("{FAE04EC0-301F-11D3-BF4B-00C04F79EFBC}") = "JSON DEMO", "JSON DEMO\JSON DEMO.csproj", "{3D61E518-BA21-4875-9FBB-F65DB89ECB11}"
EndProject
Global
	GlobalSection(SolutionConfigurationPlatforms) = preSolution
		Debug|Any CPU = Debug|Any CPU
		Release|Any CPU = Release|Any CPU
	EndGlobalSection
	GlobalSection(ProjectConfigurationPlatforms) = postSolution
		{3D61E518-BA21-4875-9FBB-F65DB89ECB11}.Debug|Any CPU.ActiveCfg = Debug|Any CPU
		{3D61E518-BA21-4875-9FBB-F65DB89ECB11}.Debug|Any CPU.Build.0 = Debug|Any CPU
		{3D61E518-BA21-4875-9FBB-F65DB89ECB11}.Release|Any CPU.ActiveCfg = Release|Any CPU
		{3D61E518-BA21-4875-9FBB-F65DB89ECB11}.Release|Any CPU.Build.0 = Release|Any CPU
	EndGlobalSection
	GlobalSection(SolutionProperties) = preSolution
		HideSolutionNode = FALSE
	EndGlobalSection
	GlobalSection(ExtensibilityGlobals) = postSolution
		SolutionGuid = {C82E79A0-C377-4CF2-92E1-325D0B0CD349}
	EndGlobalSection
EndGlobal
