
Microsoft Visual Studio Solution File, Format Version 12.00
# Visual Studio Version 17
VisualStudioVersion = 17.10.35027.167
MinimumVisualStudioVersion = 10.0.40219.1
Project("{FAE04EC0-301F-11D3-BF4B-00C04F79EFBC}") = "Btps2", "Btps2\Btps2.csproj", "{697A0E61-B67B-4C0A-AE22-5DA711781930}"
EndProject
Global
	GlobalSection(SolutionConfigurationPlatforms) = preSolution
		Debug|Any CPU = Debug|Any CPU
		Release|Any CPU = Release|Any CPU
	EndGlobalSection
	GlobalSection(ProjectConfigurationPlatforms) = postSolution
		{697A0E61-B67B-4C0A-AE22-5DA711781930}.Debug|Any CPU.ActiveCfg = Debug|Any CPU
		{697A0E61-B67B-4C0A-AE22-5DA711781930}.Debug|Any CPU.Build.0 = Debug|Any CPU
		{697A0E61-B67B-4C0A-AE22-5DA711781930}.Release|Any CPU.ActiveCfg = Release|Any CPU
		{697A0E61-B67B-4C0A-AE22-5DA711781930}.Release|Any CPU.Build.0 = Release|Any CPU
	EndGlobalSection
	GlobalSection(SolutionProperties) = preSolution
		HideSolutionNode = FALSE
	EndGlobalSection
	GlobalSection(ExtensibilityGlobals) = postSolution
		SolutionGuid = {EE139F52-1F4B-48E3-8B65-5F93D8CCCE58}
	EndGlobalSection
EndGlobal
