
Microsoft Visual Studio Solution File, Format Version 12.00
# Visual Studio Version 17
VisualStudioVersion = 17.11.35208.52
MinimumVisualStudioVersion = 10.0.40219.1
Project("{FAE04EC0-301F-11D3-BF4B-00C04F79EFBC}") = "ConsoleApp27", "ConsoleApp27\ConsoleApp27.csproj", "{B2B9E619-A520-4159-9D63-D024C6FBD21F}"
EndProject
Global
	GlobalSection(SolutionConfigurationPlatforms) = preSolution
		Debug|Any CPU = Debug|Any CPU
		Release|Any CPU = Release|Any CPU
	EndGlobalSection
	GlobalSection(ProjectConfigurationPlatforms) = postSolution
		{B2B9E619-A520-4159-9D63-D024C6FBD21F}.Debug|Any CPU.ActiveCfg = Debug|Any CPU
		{B2B9E619-A520-4159-9D63-D024C6FBD21F}.Debug|Any CPU.Build.0 = Debug|Any CPU
		{B2B9E619-A520-4159-9D63-D024C6FBD21F}.Release|Any CPU.ActiveCfg = Release|Any CPU
		{B2B9E619-A520-4159-9D63-D024C6FBD21F}.Release|Any CPU.Build.0 = Release|Any CPU
	EndGlobalSection
	GlobalSection(SolutionProperties) = preSolution
		HideSolutionNode = FALSE
	EndGlobalSection
	GlobalSection(ExtensibilityGlobals) = postSolution
		SolutionGuid = {D296E607-5760-4ECF-886A-BAC1F0BA51CE}
	EndGlobalSection
EndGlobal
