
Microsoft Visual Studio Solution File, Format Version 12.00
# Visual Studio Version 17
VisualStudioVersion = 17.11.35219.272
MinimumVisualStudioVersion = 10.0.40219.1
Project("{FAE04EC0-301F-11D3-BF4B-00C04F79EFBC}") = "Model_html_hyper", "Model_html_hyper\Model_html_hyper.csproj", "{8CA50824-CD38-4D04-B484-44E542232F62}"
EndProject
Global
	GlobalSection(SolutionConfigurationPlatforms) = preSolution
		Debug|Any CPU = Debug|Any CPU
		Release|Any CPU = Release|Any CPU
	EndGlobalSection
	GlobalSection(ProjectConfigurationPlatforms) = postSolution
		{8CA50824-CD38-4D04-B484-44E542232F62}.Debug|Any CPU.ActiveCfg = Debug|Any CPU
		{8CA50824-CD38-4D04-B484-44E542232F62}.Debug|Any CPU.Build.0 = Debug|Any CPU
		{8CA50824-CD38-4D04-B484-44E542232F62}.Release|Any CPU.ActiveCfg = Release|Any CPU
		{8CA50824-CD38-4D04-B484-44E542232F62}.Release|Any CPU.Build.0 = Release|Any CPU
	EndGlobalSection
	GlobalSection(SolutionProperties) = preSolution
		HideSolutionNode = FALSE
	EndGlobalSection
	GlobalSection(ExtensibilityGlobals) = postSolution
		SolutionGuid = {AE31A27A-A429-4C35-9E59-FF77E3F0EA2A}
	EndGlobalSection
EndGlobal
