
Microsoft Visual Studio Solution File, Format Version 12.00
# Visual Studio Version 17
VisualStudioVersion = 17.10.35027.167
MinimumVisualStudioVersion = 10.0.40219.1
Project("{FAE04EC0-301F-11D3-BF4B-00C04F79EFBC}") = "ConsoleApp6", "ConsoleApp6\ConsoleApp6.csproj", "{5BD820F7-C56C-4ECA-BFCB-9CDD4EA85D65}"
EndProject
Global
	GlobalSection(SolutionConfigurationPlatforms) = preSolution
		Debug|Any CPU = Debug|Any CPU
		Release|Any CPU = Release|Any CPU
	EndGlobalSection
	GlobalSection(ProjectConfigurationPlatforms) = postSolution
		{5BD820F7-C56C-4ECA-BFCB-9CDD4EA85D65}.Debug|Any CPU.ActiveCfg = Debug|Any CPU
		{5BD820F7-C56C-4ECA-BFCB-9CDD4EA85D65}.Debug|Any CPU.Build.0 = Debug|Any CPU
		{5BD820F7-C56C-4ECA-BFCB-9CDD4EA85D65}.Release|Any CPU.ActiveCfg = Release|Any CPU
		{5BD820F7-C56C-4ECA-BFCB-9CDD4EA85D65}.Release|Any CPU.Build.0 = Release|Any CPU
	EndGlobalSection
	GlobalSection(SolutionProperties) = preSolution
		HideSolutionNode = FALSE
	EndGlobalSection
	GlobalSection(ExtensibilityGlobals) = postSolution
		SolutionGuid = {17F3CBDD-E682-4C0A-8F83-9FA67D097007}
	EndGlobalSection
EndGlobal
