
Microsoft Visual Studio Solution File, Format Version 12.00
# Visual Studio Version 17
VisualStudioVersion = 17.11.35219.272
MinimumVisualStudioVersion = 10.0.40219.1
Project("{FAE04EC0-301F-11D3-BF4B-00C04F79EFBC}") = "WebApplication11", "WebApplication11\WebApplication11.csproj", "{70F3EE86-1D17-4A4A-8EF6-37446072B70A}"
EndProject
Global
	GlobalSection(SolutionConfigurationPlatforms) = preSolution
		Debug|Any CPU = Debug|Any CPU
		Release|Any CPU = Release|Any CPU
	EndGlobalSection
	GlobalSection(ProjectConfigurationPlatforms) = postSolution
		{70F3EE86-1D17-4A4A-8EF6-37446072B70A}.Debug|Any CPU.ActiveCfg = Debug|Any CPU
		{70F3EE86-1D17-4A4A-8EF6-37446072B70A}.Debug|Any CPU.Build.0 = Debug|Any CPU
		{70F3EE86-1D17-4A4A-8EF6-37446072B70A}.Release|Any CPU.ActiveCfg = Release|Any CPU
		{70F3EE86-1D17-4A4A-8EF6-37446072B70A}.Release|Any CPU.Build.0 = Release|Any CPU
	EndGlobalSection
	GlobalSection(SolutionProperties) = preSolution
		HideSolutionNode = FALSE
	EndGlobalSection
	GlobalSection(ExtensibilityGlobals) = postSolution
		SolutionGuid = {F62EC859-8A28-47A1-A5CA-9A4C4D7F7FA2}
	EndGlobalSection
EndGlobal
