
Microsoft Visual Studio Solution File, Format Version 12.00
# Visual Studio Version 17
VisualStudioVersion = 17.11.35219.272
MinimumVisualStudioVersion = 10.0.40219.1
Project("{FAE04EC0-301F-11D3-BF4B-00C04F79EFBC}") = "MVCC3", "MVCC3\MVCC3.csproj", "{3038E6C3-E443-414C-9AD9-BC29FC918B0F}"
EndProject
Global
	GlobalSection(SolutionConfigurationPlatforms) = preSolution
		Debug|Any CPU = Debug|Any CPU
		Release|Any CPU = Release|Any CPU
	EndGlobalSection
	GlobalSection(ProjectConfigurationPlatforms) = postSolution
		{3038E6C3-E443-414C-9AD9-BC29FC918B0F}.Debug|Any CPU.ActiveCfg = Debug|Any CPU
		{3038E6C3-E443-414C-9AD9-BC29FC918B0F}.Debug|Any CPU.Build.0 = Debug|Any CPU
		{3038E6C3-E443-414C-9AD9-BC29FC918B0F}.Release|Any CPU.ActiveCfg = Release|Any CPU
		{3038E6C3-E443-414C-9AD9-BC29FC918B0F}.Release|Any CPU.Build.0 = Release|Any CPU
	EndGlobalSection
	GlobalSection(SolutionProperties) = preSolution
		HideSolutionNode = FALSE
	EndGlobalSection
	GlobalSection(ExtensibilityGlobals) = postSolution
		SolutionGuid = {55D628FC-7D2A-4125-9798-C470F441C126}
	EndGlobalSection
EndGlobal
