
Microsoft Visual Studio Solution File, Format Version 12.00
# Visual Studio Version 17
VisualStudioVersion = 17.11.35219.272
MinimumVisualStudioVersion = 10.0.40219.1
Project("{FAE04EC0-301F-11D3-BF4B-00C04F79EFBC}") = "Mvc1", "Mvc1\Mvc1.csproj", "{8BAB0FCF-58B3-4D1D-A6AD-43D44D0B9A87}"
EndProject
Global
	GlobalSection(SolutionConfigurationPlatforms) = preSolution
		Debug|Any CPU = Debug|Any CPU
		Release|Any CPU = Release|Any CPU
	EndGlobalSection
	GlobalSection(ProjectConfigurationPlatforms) = postSolution
		{8BAB0FCF-58B3-4D1D-A6AD-43D44D0B9A87}.Debug|Any CPU.ActiveCfg = Debug|Any CPU
		{8BAB0FCF-58B3-4D1D-A6AD-43D44D0B9A87}.Debug|Any CPU.Build.0 = Debug|Any CPU
		{8BAB0FCF-58B3-4D1D-A6AD-43D44D0B9A87}.Release|Any CPU.ActiveCfg = Release|Any CPU
		{8BAB0FCF-58B3-4D1D-A6AD-43D44D0B9A87}.Release|Any CPU.Build.0 = Release|Any CPU
	EndGlobalSection
	GlobalSection(SolutionProperties) = preSolution
		HideSolutionNode = FALSE
	EndGlobalSection
	GlobalSection(ExtensibilityGlobals) = postSolution
		SolutionGuid = {B02FE915-3034-4D3F-A8E2-6D560937BC49}
	EndGlobalSection
EndGlobal
