
Microsoft Visual Studio Solution File, Format Version 12.00
# Visual Studio Version 17
VisualStudioVersion = 17.10.35027.167
MinimumVisualStudioVersion = 10.0.40219.1
Project("{FAE04EC0-301F-11D3-BF4B-00C04F79EFBC}") = "btps1", "btps1\btps1.csproj", "{C585746E-BB06-4664-946C-4C8A077FF6FB}"
EndProject
Global
	GlobalSection(SolutionConfigurationPlatforms) = preSolution
		Debug|Any CPU = Debug|Any CPU
		Release|Any CPU = Release|Any CPU
	EndGlobalSection
	GlobalSection(ProjectConfigurationPlatforms) = postSolution
		{C585746E-BB06-4664-946C-4C8A077FF6FB}.Debug|Any CPU.ActiveCfg = Debug|Any CPU
		{C585746E-BB06-4664-946C-4C8A077FF6FB}.Debug|Any CPU.Build.0 = Debug|Any CPU
		{C585746E-BB06-4664-946C-4C8A077FF6FB}.Release|Any CPU.ActiveCfg = Release|Any CPU
		{C585746E-BB06-4664-946C-4C8A077FF6FB}.Release|Any CPU.Build.0 = Release|Any CPU
	EndGlobalSection
	GlobalSection(SolutionProperties) = preSolution
		HideSolutionNode = FALSE
	EndGlobalSection
	GlobalSection(ExtensibilityGlobals) = postSolution
		SolutionGuid = {1F8CAD75-0737-48C4-878B-6886ABD6C927}
	EndGlobalSection
EndGlobal
