
Microsoft Visual Studio Solution File, Format Version 12.00
# Visual Studio Version 17
VisualStudioVersion = 17.10.35027.167
MinimumVisualStudioVersion = 10.0.40219.1
Project("{FAE04EC0-301F-11D3-BF4B-00C04F79EFBC}") = "table", "table\table.csproj", "{2B2F97AA-83A7-4F89-B1C8-4B5D7E2FD2CB}"
EndProject
Global
	GlobalSection(SolutionConfigurationPlatforms) = preSolution
		Debug|Any CPU = Debug|Any CPU
		Release|Any CPU = Release|Any CPU
	EndGlobalSection
	GlobalSection(ProjectConfigurationPlatforms) = postSolution
		{2B2F97AA-83A7-4F89-B1C8-4B5D7E2FD2CB}.Debug|Any CPU.ActiveCfg = Debug|Any CPU
		{2B2F97AA-83A7-4F89-B1C8-4B5D7E2FD2CB}.Debug|Any CPU.Build.0 = Debug|Any CPU
		{2B2F97AA-83A7-4F89-B1C8-4B5D7E2FD2CB}.Release|Any CPU.ActiveCfg = Release|Any CPU
		{2B2F97AA-83A7-4F89-B1C8-4B5D7E2FD2CB}.Release|Any CPU.Build.0 = Release|Any CPU
	EndGlobalSection
	GlobalSection(SolutionProperties) = preSolution
		HideSolutionNode = FALSE
	EndGlobalSection
	GlobalSection(ExtensibilityGlobals) = postSolution
		SolutionGuid = {1A811CFF-B6DF-4583-85C7-B26E7FA3CF83}
	EndGlobalSection
EndGlobal
